// !$*UTF8*$!
{
	archiveVersion = 1;
	classes = {
	};
	objectVersion = 56;
	objects = {

/* Begin PBXBuildFile section */
		CAF47F0D8691493EAD9D1551 /* LiquidGlassTheme.swift in Sources */ = {isa = PBXBuildFile; fileRef = E410ACB8F5EF43A69291F24D /* LiquidGlassTheme.swift */; };
		B251E362E71C4040B3E37339 /* FaviconView.swift in Sources */ = {isa = PBXBuildFile; fileRef = 7430F664F2834097866445C0 /* FaviconView.swift */; };
		A834A7435A30469F903C27A3 /* VaultModels.swift in Sources */ = {isa = PBXBuildFile; fileRef = 862CA9F542ED40CF8D8DEB1D /* VaultModels.swift */; };
		C317EF6910774D4A9FD1119E /* KloakApp.swift in Sources */ = {isa = PBXBuildFile; fileRef = ACD6901B8D724F428BF196C5 /* KloakApp.swift */; };
		2939491122274D45B1E048AD /* SetupView.swift in Sources */ = {isa = PBXBuildFile; fileRef = 5404F431EB194CF5B4D3F93E /* SetupView.swift */; };
		B699FA549F154AADB991DB45 /* GeneratorView.swift in Sources */ = {isa = PBXBuildFile; fileRef = 7156DAD1473947348CAC9B5C /* GeneratorView.swift */; };
		900330537C2D479C98B517A8 /* SettingsView.swift in Sources */ = {isa = PBXBuildFile; fileRef = 3E65113C86DE4B419E846BAC /* SettingsView.swift */; };
		B328B6C9A87543539F5B3D17 /* ItemDetailView.swift in Sources */ = {isa = PBXBuildFile; fileRef = 91E1AA6450874EB49A70D2DE /* ItemDetailView.swift */; };
		B178EB5874A643C9BC3A4CB2 /* MenuBarView.swift in Sources */ = {isa = PBXBuildFile; fileRef = 1F293CE81F9749B284799D6A /* MenuBarView.swift */; };
		8EB8EB8A7AB64368994FF47B /* VaultMainView.swift in Sources */ = {isa = PBXBuildFile; fileRef = BF5B6652B0B34176A37B359C /* VaultMainView.swift */; };
		1EC8A4495CE74CC3B634F6C0 /* SidebarView.swift in Sources */ = {isa = PBXBuildFile; fileRef = F7D6BA4FE2E741319A34356B /* SidebarView.swift */; };
		1892504D1CFC4910AC94240F /* ImportExportView.swift in Sources */ = {isa = PBXBuildFile; fileRef = F5DFAB25A19E43B5805497F7 /* ImportExportView.swift */; };
		4BA5FF6673ED4ECDB772AD80 /* KloakLogoView.swift in Sources */ = {isa = PBXBuildFile; fileRef = B2DB8FF4BDE74C25848212AF /* KloakLogoView.swift */; };
		EC33A09457CF416AB9EACDD5 /* ItemListView.swift in Sources */ = {isa = PBXBuildFile; fileRef = 393F90DA5392436E95FF1E26 /* ItemListView.swift */; };
		F4D5CED834FB4BE8A87F488A /* UnlockView.swift in Sources */ = {isa = PBXBuildFile; fileRef = 41CE1DEFD78844B098444490 /* UnlockView.swift */; };
		C2FA3ECED6A943AC8A149D50 /* TOTPRingView.swift in Sources */ = {isa = PBXBuildFile; fileRef = 0FD86E0702E24362B5766B9D /* TOTPRingView.swift */; };
		24D985B9FA7141DCB1A2603C /* WindowSizeManager.swift in Sources */ = {isa = PBXBuildFile; fileRef = F2EEC952DDD747C88B7E6477 /* WindowSizeManager.swift */; };
		2E6B2B18A30748CB89CFB4EB /* CertificateInspectorService.swift in Sources */ = {isa = PBXBuildFile; fileRef = 4B298A4CDF134B89B952B1E5 /* CertificateInspectorService.swift */; };
		B0386A607573413E827F5934 /* KeychainManager.swift in Sources */ = {isa = PBXBuildFile; fileRef = 3A23170E27A54A9689D4F7E5 /* KeychainManager.swift */; };
		318CE2709BD54AFDA3C6A04B /* BiometricAuth.swift in Sources */ = {isa = PBXBuildFile; fileRef = DDD0AD65D9284018840DE939 /* BiometricAuth.swift */; };
		E7E84759B7914B7CAFA6735F /* LogoService.swift in Sources */ = {isa = PBXBuildFile; fileRef = B6CE65FDED4549E99292477E /* LogoService.swift */; };
		A2D2E67BAF324142B936A09C /* IPCServer.swift in Sources */ = {isa = PBXBuildFile; fileRef = 38A53788B5164730A249EC0D /* IPCServer.swift */; };
		E5E8EF01E6BF4698BE6A76F7 /* DomainIntelService.swift in Sources */ = {isa = PBXBuildFile; fileRef = 73A0C3805DDA43B392BDCDC2 /* DomainIntelService.swift */; };
		64BECFD20FF746598C6291CE /* TOTPEngine.swift in Sources */ = {isa = PBXBuildFile; fileRef = 9F26A61FC8BE4A27BBE7923B /* TOTPEngine.swift */; };
		B1660EC68DE24905AE8FDDD8 /* VaultStore.swift in Sources */ = {isa = PBXBuildFile; fileRef = A9F692A1BCDC452F820A1BDD /* VaultStore.swift */; };
		59AAD8E2BC4D47ACA4E20CED /* ActiveContextService.swift in Sources */ = {isa = PBXBuildFile; fileRef = 01502E7478534C76AFAAA996 /* ActiveContextService.swift */; };
		8457CFC8B25147B7B93674EA /* CryptoEngine.swift in Sources */ = {isa = PBXBuildFile; fileRef = 4838F8403E0B4BBC87F5F426 /* CryptoEngine.swift */; };
		331FE3916072405F9AEE28FB /* ThreatDetectorService.swift in Sources */ = {isa = PBXBuildFile; fileRef = 7D1AC717FB524B02B28DB16F /* ThreatDetectorService.swift */; };
		51ACCA10A8B144B6820F996B /* AppIcon.icon in Resources */ = {isa = PBXBuildFile; fileRef = 56D344D3EE244CD28A770AC7 /* AppIcon.icon */; };
/* End PBXBuildFile section */

/* Begin PBXFileReference section */
		E410ACB8F5EF43A69291F24D /* LiquidGlassTheme.swift */ = {isa = PBXFileReference; lastKnownFileType = "sourcecode.swift"; path = "Sources/KloakApp/UI/LiquidGlassTheme.swift"; sourceTree = "<group>"; };
		7430F664F2834097866445C0 /* FaviconView.swift */ = {isa = PBXFileReference; lastKnownFileType = "sourcecode.swift"; path = "Sources/KloakApp/UI/FaviconView.swift"; sourceTree = "<group>"; };
		862CA9F542ED40CF8D8DEB1D /* VaultModels.swift */ = {isa = PBXFileReference; lastKnownFileType = "sourcecode.swift"; path = "Sources/KloakApp/Models/VaultModels.swift"; sourceTree = "<group>"; };
		ACD6901B8D724F428BF196C5 /* KloakApp.swift */ = {isa = PBXFileReference; lastKnownFileType = "sourcecode.swift"; path = "Sources/KloakApp/KloakApp.swift"; sourceTree = "<group>"; };
		5404F431EB194CF5B4D3F93E /* SetupView.swift */ = {isa = PBXFileReference; lastKnownFileType = "sourcecode.swift"; path = "Sources/KloakApp/Views/SetupView.swift"; sourceTree = "<group>"; };
		7156DAD1473947348CAC9B5C /* GeneratorView.swift */ = {isa = PBXFileReference; lastKnownFileType = "sourcecode.swift"; path = "Sources/KloakApp/Views/GeneratorView.swift"; sourceTree = "<group>"; };
		3E65113C86DE4B419E846BAC /* SettingsView.swift */ = {isa = PBXFileReference; lastKnownFileType = "sourcecode.swift"; path = "Sources/KloakApp/Views/SettingsView.swift"; sourceTree = "<group>"; };
		91E1AA6450874EB49A70D2DE /* ItemDetailView.swift */ = {isa = PBXFileReference; lastKnownFileType = "sourcecode.swift"; path = "Sources/KloakApp/Views/ItemDetailView.swift"; sourceTree = "<group>"; };
		1F293CE81F9749B284799D6A /* MenuBarView.swift */ = {isa = PBXFileReference; lastKnownFileType = "sourcecode.swift"; path = "Sources/KloakApp/Views/MenuBarView.swift"; sourceTree = "<group>"; };
		BF5B6652B0B34176A37B359C /* VaultMainView.swift */ = {isa = PBXFileReference; lastKnownFileType = "sourcecode.swift"; path = "Sources/KloakApp/Views/VaultMainView.swift"; sourceTree = "<group>"; };
		F7D6BA4FE2E741319A34356B /* SidebarView.swift */ = {isa = PBXFileReference; lastKnownFileType = "sourcecode.swift"; path = "Sources/KloakApp/Views/SidebarView.swift"; sourceTree = "<group>"; };
		F5DFAB25A19E43B5805497F7 /* ImportExportView.swift */ = {isa = PBXFileReference; lastKnownFileType = "sourcecode.swift"; path = "Sources/KloakApp/Views/ImportExportView.swift"; sourceTree = "<group>"; };
		B2DB8FF4BDE74C25848212AF /* KloakLogoView.swift */ = {isa = PBXFileReference; lastKnownFileType = "sourcecode.swift"; path = "Sources/KloakApp/Views/KloakLogoView.swift"; sourceTree = "<group>"; };
		393F90DA5392436E95FF1E26 /* ItemListView.swift */ = {isa = PBXFileReference; lastKnownFileType = "sourcecode.swift"; path = "Sources/KloakApp/Views/ItemListView.swift"; sourceTree = "<group>"; };
		41CE1DEFD78844B098444490 /* UnlockView.swift */ = {isa = PBXFileReference; lastKnownFileType = "sourcecode.swift"; path = "Sources/KloakApp/Views/UnlockView.swift"; sourceTree = "<group>"; };
		0FD86E0702E24362B5766B9D /* TOTPRingView.swift */ = {isa = PBXFileReference; lastKnownFileType = "sourcecode.swift"; path = "Sources/KloakApp/Views/TOTPRingView.swift"; sourceTree = "<group>"; };
		F2EEC952DDD747C88B7E6477 /* WindowSizeManager.swift */ = {isa = PBXFileReference; lastKnownFileType = "sourcecode.swift"; path = "Sources/KloakApp/Services/WindowSizeManager.swift"; sourceTree = "<group>"; };
		4B298A4CDF134B89B952B1E5 /* CertificateInspectorService.swift */ = {isa = PBXFileReference; lastKnownFileType = "sourcecode.swift"; path = "Sources/KloakApp/Services/CertificateInspectorService.swift"; sourceTree = "<group>"; };
		3A23170E27A54A9689D4F7E5 /* KeychainManager.swift */ = {isa = PBXFileReference; lastKnownFileType = "sourcecode.swift"; path = "Sources/KloakApp/Services/KeychainManager.swift"; sourceTree = "<group>"; };
		DDD0AD65D9284018840DE939 /* BiometricAuth.swift */ = {isa = PBXFileReference; lastKnownFileType = "sourcecode.swift"; path = "Sources/KloakApp/Services/BiometricAuth.swift"; sourceTree = "<group>"; };
		B6CE65FDED4549E99292477E /* LogoService.swift */ = {isa = PBXFileReference; lastKnownFileType = "sourcecode.swift"; path = "Sources/KloakApp/Services/LogoService.swift"; sourceTree = "<group>"; };
		38A53788B5164730A249EC0D /* IPCServer.swift */ = {isa = PBXFileReference; lastKnownFileType = "sourcecode.swift"; path = "Sources/KloakApp/Services/IPCServer.swift"; sourceTree = "<group>"; };
		73A0C3805DDA43B392BDCDC2 /* DomainIntelService.swift */ = {isa = PBXFileReference; lastKnownFileType = "sourcecode.swift"; path = "Sources/KloakApp/Services/DomainIntelService.swift"; sourceTree = "<group>"; };
		9F26A61FC8BE4A27BBE7923B /* TOTPEngine.swift */ = {isa = PBXFileReference; lastKnownFileType = "sourcecode.swift"; path = "Sources/KloakApp/Services/TOTPEngine.swift"; sourceTree = "<group>"; };
		A9F692A1BCDC452F820A1BDD /* VaultStore.swift */ = {isa = PBXFileReference; lastKnownFileType = "sourcecode.swift"; path = "Sources/KloakApp/Services/VaultStore.swift"; sourceTree = "<group>"; };
		01502E7478534C76AFAAA996 /* ActiveContextService.swift */ = {isa = PBXFileReference; lastKnownFileType = "sourcecode.swift"; path = "Sources/KloakApp/Services/ActiveContextService.swift"; sourceTree = "<group>"; };
		4838F8403E0B4BBC87F5F426 /* CryptoEngine.swift */ = {isa = PBXFileReference; lastKnownFileType = "sourcecode.swift"; path = "Sources/KloakApp/Services/CryptoEngine.swift"; sourceTree = "<group>"; };
		7D1AC717FB524B02B28DB16F /* ThreatDetectorService.swift */ = {isa = PBXFileReference; lastKnownFileType = "sourcecode.swift"; path = "Sources/KloakApp/Services/ThreatDetectorService.swift"; sourceTree = "<group>"; };
		56D344D3EE244CD28A770AC7 /* AppIcon.icon */ = {isa = PBXFileReference; lastKnownFileType = "folder"; path = "AppIcon.icon"; sourceTree = "<group>"; };
		91835B7661C046C7AC6C076E /* Info.plist */ = {isa = PBXFileReference; lastKnownFileType = "text.plist.xml"; path = "Info.plist"; sourceTree = "<group>"; };
		4648EAE6B5974A119DA2B368 /* Kloak.entitlements */ = {isa = PBXFileReference; lastKnownFileType = "text.plist.entitlements"; path = "Kloak.entitlements"; sourceTree = "<group>"; };
		0B0DD159BDF444C29ECD0819 /* Kloak.app */ = {isa = PBXFileReference; explicitFileType = wrapper.application; includeInIndex = 0; path = Kloak.app; sourceTree = BUILT_PRODUCTS_DIR; };
/* End PBXFileReference section */

/* Begin PBXFrameworksBuildPhase section */
		CD42551182954A07ABB5464F /* Frameworks */ = {
			isa = PBXFrameworksBuildPhase;
			buildActionMask = 2147483647;
			files = (
			);
			runOnlyForDeploymentPostprocessing = 0;
		};
/* End PBXFrameworksBuildPhase section */

/* Begin PBXGroup section */
		227551870D8547E1B0241EC8 = {
			isa = PBXGroup;
			children = (
				E410ACB8F5EF43A69291F24D /* LiquidGlassTheme.swift */,
				7430F664F2834097866445C0 /* FaviconView.swift */,
				862CA9F542ED40CF8D8DEB1D /* VaultModels.swift */,
				ACD6901B8D724F428BF196C5 /* KloakApp.swift */,
				5404F431EB194CF5B4D3F93E /* SetupView.swift */,
				7156DAD1473947348CAC9B5C /* GeneratorView.swift */,
				3E65113C86DE4B419E846BAC /* SettingsView.swift */,
				91E1AA6450874EB49A70D2DE /* ItemDetailView.swift */,
				1F293CE81F9749B284799D6A /* MenuBarView.swift */,
				BF5B6652B0B34176A37B359C /* VaultMainView.swift */,
				F7D6BA4FE2E741319A34356B /* SidebarView.swift */,
				F5DFAB25A19E43B5805497F7 /* ImportExportView.swift */,
				B2DB8FF4BDE74C25848212AF /* KloakLogoView.swift */,
				393F90DA5392436E95FF1E26 /* ItemListView.swift */,
				41CE1DEFD78844B098444490 /* UnlockView.swift */,
				0FD86E0702E24362B5766B9D /* TOTPRingView.swift */,
				F2EEC952DDD747C88B7E6477 /* WindowSizeManager.swift */,
				4B298A4CDF134B89B952B1E5 /* CertificateInspectorService.swift */,
				3A23170E27A54A9689D4F7E5 /* KeychainManager.swift */,
				DDD0AD65D9284018840DE939 /* BiometricAuth.swift */,
				B6CE65FDED4549E99292477E /* LogoService.swift */,
				38A53788B5164730A249EC0D /* IPCServer.swift */,
				73A0C3805DDA43B392BDCDC2 /* DomainIntelService.swift */,
				9F26A61FC8BE4A27BBE7923B /* TOTPEngine.swift */,
				A9F692A1BCDC452F820A1BDD /* VaultStore.swift */,
				01502E7478534C76AFAAA996 /* ActiveContextService.swift */,
				4838F8403E0B4BBC87F5F426 /* CryptoEngine.swift */,
				7D1AC717FB524B02B28DB16F /* ThreatDetectorService.swift */,
				56D344D3EE244CD28A770AC7 /* AppIcon.icon */,
				91835B7661C046C7AC6C076E /* Info.plist */,
				4648EAE6B5974A119DA2B368 /* Kloak.entitlements */,
				B97EE653134945E7BE8FA17B /* Products */,
			);
			sourceTree = "<group>";
		};
		B97EE653134945E7BE8FA17B /* Products */ = {
			isa = PBXGroup;
			children = (
				0B0DD159BDF444C29ECD0819 /* Kloak.app */,
			);
			name = Products;
			sourceTree = "<group>";
		};
/* End PBXGroup section */

/* Begin PBXNativeTarget section */
		71EA1529EA344CA28D3091A0 /* Kloak */ = {
			isa = PBXNativeTarget;
			buildConfigurationList = 0F01ED3C0C2E4BE9A6DBC3E0 /* Build configuration list for PBXNativeTarget "Kloak" */;
			buildPhases = (
				B8EF0C0BF8CF48C29DCC5146 /* Sources */,
				CD42551182954A07ABB5464F /* Frameworks */,
				A20B11AB28614DE0A6574CD1 /* Resources */,
			);
			buildRules = (
			);
			dependencies = (
			);
			name = Kloak;
			productName = Kloak;
			productReference = 0B0DD159BDF444C29ECD0819 /* Kloak.app */;
			productType = "com.apple.product-type.application";
		};
/* End PBXNativeTarget section */

/* Begin PBXProject section */
		4A94BCEF8FEE43E6803A8BF5 /* Project object */ = {
			isa = PBXProject;
			attributes = {
				BuildIndependentTargetsInParallel = 1;
				LastUpgradeCheck = 1600;
			};
			buildConfigurationList = 40E64DE5B48143349E720568 /* Build configuration list for PBXProject "Kloak" */;
			compatibilityVersion = "Xcode 14.0";
			developmentRegion = en;
			hasScannedForEncodings = 0;
			knownRegions = (
				en,
				Base,
			);
			mainGroup = 227551870D8547E1B0241EC8;
			productRefGroup = B97EE653134945E7BE8FA17B /* Products */;
			projectDirPath = "";
			projectRoot = "";
			targets = (
				71EA1529EA344CA28D3091A0 /* Kloak */,
			);
		};
/* End PBXProject section */

/* Begin PBXResourcesBuildPhase section */
		A20B11AB28614DE0A6574CD1 /* Resources */ = {
			isa = PBXResourcesBuildPhase;
			buildActionMask = 2147483647;
			files = (
				51ACCA10A8B144B6820F996B /* AppIcon.icon in Resources */,
			);
			runOnlyForDeploymentPostprocessing = 0;
		};
/* End PBXResourcesBuildPhase section */

/* Begin PBXSourcesBuildPhase section */
		B8EF0C0BF8CF48C29DCC5146 /* Sources */ = {
			isa = PBXSourcesBuildPhase;
			buildActionMask = 2147483647;
			files = (
				CAF47F0D8691493EAD9D1551 /* LiquidGlassTheme.swift in Sources */,
				B251E362E71C4040B3E37339 /* FaviconView.swift in Sources */,
				A834A7435A30469F903C27A3 /* VaultModels.swift in Sources */,
				C317EF6910774D4A9FD1119E /* KloakApp.swift in Sources */,
				2939491122274D45B1E048AD /* SetupView.swift in Sources */,
				B699FA549F154AADB991DB45 /* GeneratorView.swift in Sources */,
				900330537C2D479C98B517A8 /* SettingsView.swift in Sources */,
				B328B6C9A87543539F5B3D17 /* ItemDetailView.swift in Sources */,
				B178EB5874A643C9BC3A4CB2 /* MenuBarView.swift in Sources */,
				8EB8EB8A7AB64368994FF47B /* VaultMainView.swift in Sources */,
				1EC8A4495CE74CC3B634F6C0 /* SidebarView.swift in Sources */,
				1892504D1CFC4910AC94240F /* ImportExportView.swift in Sources */,
				4BA5FF6673ED4ECDB772AD80 /* KloakLogoView.swift in Sources */,
				EC33A09457CF416AB9EACDD5 /* ItemListView.swift in Sources */,
				F4D5CED834FB4BE8A87F488A /* UnlockView.swift in Sources */,
				C2FA3ECED6A943AC8A149D50 /* TOTPRingView.swift in Sources */,
				24D985B9FA7141DCB1A2603C /* WindowSizeManager.swift in Sources */,
				2E6B2B18A30748CB89CFB4EB /* CertificateInspectorService.swift in Sources */,
				B0386A607573413E827F5934 /* KeychainManager.swift in Sources */,
				318CE2709BD54AFDA3C6A04B /* BiometricAuth.swift in Sources */,
				E7E84759B7914B7CAFA6735F /* LogoService.swift in Sources */,
				A2D2E67BAF324142B936A09C /* IPCServer.swift in Sources */,
				E5E8EF01E6BF4698BE6A76F7 /* DomainIntelService.swift in Sources */,
				64BECFD20FF746598C6291CE /* TOTPEngine.swift in Sources */,
				B1660EC68DE24905AE8FDDD8 /* VaultStore.swift in Sources */,
				59AAD8E2BC4D47ACA4E20CED /* ActiveContextService.swift in Sources */,
				8457CFC8B25147B7B93674EA /* CryptoEngine.swift in Sources */,
				331FE3916072405F9AEE28FB /* ThreatDetectorService.swift in Sources */,
			);
			runOnlyForDeploymentPostprocessing = 0;
		};
/* End PBXSourcesBuildPhase section */

/* Begin XCBuildConfiguration section */
		2A65FA2023FA4DC49BC56B60 /* Debug */ = {
			isa = XCBuildConfiguration;
			buildSettings = {
				ALWAYS_SEARCH_USER_PATHS = NO;
				CLANG_ANALYZER_NONNULL = YES;
				MACOSX_DEPLOYMENT_TARGET = 14.0;
				SDKROOT = macosx;
				SWIFT_VERSION = 5.0;
			};
			name = Debug;
		};
		764FB59EB1DB4098853958D0 /* Release */ = {
			isa = XCBuildConfiguration;
			buildSettings = {
				ALWAYS_SEARCH_USER_PATHS = NO;
				CLANG_ANALYZER_NONNULL = YES;
				MACOSX_DEPLOYMENT_TARGET = 14.0;
				SDKROOT = macosx;
				SWIFT_VERSION = 5.0;
			};
			name = Release;
		};
		C529E3D0A0C148B3846F216E /* Debug */ = {
			isa = XCBuildConfiguration;
			buildSettings = {
				CODE_SIGN_ENTITLEMENTS = Kloak.entitlements;
				CODE_SIGN_IDENTITY = "-";
				CODE_SIGN_STYLE = Manual;
				COMBINE_HIDPI_IMAGES = YES;
				GENERATE_INFOPLIST_FILE = NO;
				INFOPLIST_FILE = Info.plist;
				INFOPLIST_KEY_CFBundleIconName = AppIcon;
				INFOPLIST_KEY_CFBundleIconFile = AppIcon;
				LD_RUNPATH_SEARCH_PATHS = (
					"$(inherited)",
					"@executable_path/../Frameworks",
				);
				MACOSX_DEPLOYMENT_TARGET = 14.0;
				PRODUCT_BUNDLE_IDENTIFIER = com.kloak.app;
				PRODUCT_NAME = "$(TARGET_NAME)";
				SWIFT_VERSION = 5.0;
			};
			name = Debug;
		};
		F7E87E32F76B49C8893B4ED6 /* Release */ = {
			isa = XCBuildConfiguration;
			buildSettings = {
				CODE_SIGN_ENTITLEMENTS = Kloak.entitlements;
				CODE_SIGN_IDENTITY = "-";
				CODE_SIGN_STYLE = Manual;
				COMBINE_HIDPI_IMAGES = YES;
				GENERATE_INFOPLIST_FILE = NO;
				INFOPLIST_FILE = Info.plist;
				INFOPLIST_KEY_CFBundleIconName = AppIcon;
				INFOPLIST_KEY_CFBundleIconFile = AppIcon;
				LD_RUNPATH_SEARCH_PATHS = (
					"$(inherited)",
					"@executable_path/../Frameworks",
				);
				MACOSX_DEPLOYMENT_TARGET = 14.0;
				PRODUCT_BUNDLE_IDENTIFIER = com.kloak.app;
				PRODUCT_NAME = "$(TARGET_NAME)";
				SWIFT_VERSION = 5.0;
			};
			name = Release;
		};
/* End XCBuildConfiguration section */

/* Begin XCConfigurationList section */
		40E64DE5B48143349E720568 /* Build configuration list for PBXProject "Kloak" */ = {
			isa = XCConfigurationList;
			buildConfigurations = (
				2A65FA2023FA4DC49BC56B60 /* Debug */,
				764FB59EB1DB4098853958D0 /* Release */,
			);
			defaultConfigurationIsVisible = 0;
			defaultConfigurationName = Release;
		};
		0F01ED3C0C2E4BE9A6DBC3E0 /* Build configuration list for PBXNativeTarget "Kloak" */ = {
			isa = XCConfigurationList;
			buildConfigurations = (
				C529E3D0A0C148B3846F216E /* Debug */,
				F7E87E32F76B49C8893B4ED6 /* Release */,
			);
			defaultConfigurationIsVisible = 0;
			defaultConfigurationName = Release;
		};
/* End XCConfigurationList section */

	};
	rootObject = 4A94BCEF8FEE43E6803A8BF5 /* Project object */;
}